
Microsoft Visual Studio Solution File, Format Version 12.00
# Visual Studio Version 17
VisualStudioVersion = 17.12.35527.113 d17.12
MinimumVisualStudioVersion = 10.0.40219.1
Project("{FAE04EC0-301F-11D3-BF4B-00C04F79EFBC}") = "quantiq.Server", "quantiq.Server\quantiq.Server.csproj", "{BED5722C-FAA5-44A1-8F72-EBCDB508DC62}"
EndProject
Project("{54A90642-561A-4BB1-A94E-469ADEE60C69}") = "quantiq.client", "quantiq.client\quantiq.client.esproj", "{47910840-4DB9-4213-ABC6-976038A25C2C}"
EndProject
Global
	GlobalSection(SolutionConfigurationPlatforms) = preSolution
		Debug|Any CPU = Debug|Any CPU
		Release|Any CPU = Release|Any CPU
	EndGlobalSection
	GlobalSection(ProjectConfigurationPlatforms) = postSolution
		{BED5722C-FAA5-44A1-8F72-EBCDB508DC62}.Debug|Any CPU.ActiveCfg = Debug|Any CPU
		{BED5722C-FAA5-44A1-8F72-EBCDB508DC62}.Debug|Any CPU.Build.0 = Debug|Any CPU
		{BED5722C-FAA5-44A1-8F72-EBCDB508DC62}.Release|Any CPU.ActiveCfg = Release|Any CPU
		{BED5722C-FAA5-44A1-8F72-EBCDB508DC62}.Release|Any CPU.Build.0 = Release|Any CPU
		{47910840-4DB9-4213-ABC6-976038A25C2C}.Debug|Any CPU.ActiveCfg = Debug|Any CPU
		{47910840-4DB9-4213-ABC6-976038A25C2C}.Debug|Any CPU.Build.0 = Debug|Any CPU
		{47910840-4DB9-4213-ABC6-976038A25C2C}.Debug|Any CPU.Deploy.0 = Debug|Any CPU
		{47910840-4DB9-4213-ABC6-976038A25C2C}.Release|Any CPU.ActiveCfg = Release|Any CPU
		{47910840-4DB9-4213-ABC6-976038A25C2C}.Release|Any CPU.Build.0 = Release|Any CPU
		{47910840-4DB9-4213-ABC6-976038A25C2C}.Release|Any CPU.Deploy.0 = Release|Any CPU
	EndGlobalSection
	GlobalSection(SolutionProperties) = preSolution
		HideSolutionNode = FALSE
	EndGlobalSection
EndGlobal
